
Microsoft Visual Studio Solution File, Format Version 12.00
# Visual Studio Version 17
VisualStudioVersion = 17.3.32825.248
MinimumVisualStudioVersion = 10.0.40219.1
Project("{FAE04EC0-301F-11D3-BF4B-00C04F79EFBC}") = "DeskTime", "DeskTime.csproj", "{1EEC75C3-2728-4B8F-8B03-8D1B9F7E196D}"
EndProject
Global
	GlobalSection(SolutionConfigurationPlatforms) = preSolution
		Debug|Any CPU = Debug|Any CPU
		Release|Any CPU = Release|Any CPU
	EndGlobalSection
	GlobalSection(ProjectConfigurationPlatforms) = postSolution
		{1EEC75C3-2728-4B8F-8B03-8D1B9F7E196D}.Debug|Any CPU.ActiveCfg = Debug|Any CPU
		{1EEC75C3-2728-4B8F-8B03-8D1B9F7E196D}.Debug|Any CPU.Build.0 = Debug|Any CPU
		{1EEC75C3-2728-4B8F-8B03-8D1B9F7E196D}.Release|Any CPU.ActiveCfg = Release|Any CPU
		{1EEC75C3-2728-4B8F-8B03-8D1B9F7E196D}.Release|Any CPU.Build.0 = Release|Any CPU
	EndGlobalSection
	GlobalSection(SolutionProperties) = preSolution
		HideSolutionNode = FALSE
	EndGlobalSection
	GlobalSection(ExtensibilityGlobals) = postSolution
		SolutionGuid = {B76E1FB3-6DDA-42C7-9C4F-1F12413709D2}
	EndGlobalSection
EndGlobal
